
Microsoft Visual Studio Solution File, Format Version 12.00
# Visual Studio Version 17
VisualStudioVersion = 17.8.34330.188
MinimumVisualStudioVersion = 10.0.40219.1
Project("{9A19103F-16F7-4668-BE54-9A1E7A4F7556}") = "NYX.Commodities.Services.ProductAPI", "NYX.Commodities.Services.ProductAPI\NYX.Commodities.Services.ProductAPI.csproj", "{48BF0E6E-B400-4D90-94EC-525C7ABEA231}"
EndProject
Project("{FAE04EC0-301F-11D3-BF4B-00C04F79EFBC}") = "NYX.Commodities.Services.Tests", "NYX.Commodities.Services.Tests\NYX.Commodities.Services.Tests.csproj", "{9181752E-F66A-4140-8792-72AB75CBB0B7}"
EndProject
Global
	GlobalSection(SolutionConfigurationPlatforms) = preSolution
		Debug|Any CPU = Debug|Any CPU
		Release|Any CPU = Release|Any CPU
	EndGlobalSection
	GlobalSection(ProjectConfigurationPlatforms) = postSolution
		{48BF0E6E-B400-4D90-94EC-525C7ABEA231}.Debug|Any CPU.ActiveCfg = Debug|Any CPU
		{48BF0E6E-B400-4D90-94EC-525C7ABEA231}.Debug|Any CPU.Build.0 = Debug|Any CPU
		{48BF0E6E-B400-4D90-94EC-525C7ABEA231}.Release|Any CPU.ActiveCfg = Release|Any CPU
		{48BF0E6E-B400-4D90-94EC-525C7ABEA231}.Release|Any CPU.Build.0 = Release|Any CPU
		{9181752E-F66A-4140-8792-72AB75CBB0B7}.Debug|Any CPU.ActiveCfg = Debug|Any CPU
		{9181752E-F66A-4140-8792-72AB75CBB0B7}.Debug|Any CPU.Build.0 = Debug|Any CPU
		{9181752E-F66A-4140-8792-72AB75CBB0B7}.Release|Any CPU.ActiveCfg = Release|Any CPU
		{9181752E-F66A-4140-8792-72AB75CBB0B7}.Release|Any CPU.Build.0 = Release|Any CPU
	EndGlobalSection
	GlobalSection(SolutionProperties) = preSolution
		HideSolutionNode = FALSE
	EndGlobalSection
	GlobalSection(ExtensibilityGlobals) = postSolution
		SolutionGuid = {A9889E18-0AB3-42B7-9367-9B15997E2D8F}
	EndGlobalSection
EndGlobal
